
Microsoft Visual Studio Solution File, Format Version 12.00
# Visual Studio Version 16
VisualStudioVersion = 16.0.30204.135
MinimumVisualStudioVersion = 10.0.40219.1
Project("{FAE04EC0-301F-11D3-BF4B-00C04F79EFBC}") = "LB2", "Lab2\LB2.csproj", "{22D73D6B-9AF5-4079-B8FA-BA0EA46AB818}"
EndProject
Global
	GlobalSection(SolutionConfigurationPlatforms) = preSolution
		Debug|Any CPU = Debug|Any CPU
		Release|Any CPU = Release|Any CPU
	EndGlobalSection
	GlobalSection(ProjectConfigurationPlatforms) = postSolution
		{22D73D6B-9AF5-4079-B8FA-BA0EA46AB818}.Debug|Any CPU.ActiveCfg = Debug|Any CPU
		{22D73D6B-9AF5-4079-B8FA-BA0EA46AB818}.Debug|Any CPU.Build.0 = Debug|Any CPU
		{22D73D6B-9AF5-4079-B8FA-BA0EA46AB818}.Release|Any CPU.ActiveCfg = Release|Any CPU
		{22D73D6B-9AF5-4079-B8FA-BA0EA46AB818}.Release|Any CPU.Build.0 = Release|Any CPU
	EndGlobalSection
	GlobalSection(SolutionProperties) = preSolution
		HideSolutionNode = FALSE
	EndGlobalSection
	GlobalSection(ExtensibilityGlobals) = postSolution
		SolutionGuid = {4F166147-096C-499A-8E4D-293BC0F3BD46}
	EndGlobalSection
EndGlobal
