
Microsoft Visual Studio Solution File, Format Version 12.00
# Visual Studio Version 16
VisualStudioVersion = 16.0.30204.135
MinimumVisualStudioVersion = 10.0.40219.1
Project("{FAE04EC0-301F-11D3-BF4B-00C04F79EFBC}") = "2", "2.csproj", "{C5264ED1-7930-411C-8224-E7679CCC8C30}"
EndProject
Global
	GlobalSection(SolutionConfigurationPlatforms) = preSolution
		Debug|Any CPU = Debug|Any CPU
		Release|Any CPU = Release|Any CPU
	EndGlobalSection
	GlobalSection(ProjectConfigurationPlatforms) = postSolution
		{C5264ED1-7930-411C-8224-E7679CCC8C30}.Debug|Any CPU.ActiveCfg = Debug|Any CPU
		{C5264ED1-7930-411C-8224-E7679CCC8C30}.Debug|Any CPU.Build.0 = Debug|Any CPU
		{C5264ED1-7930-411C-8224-E7679CCC8C30}.Release|Any CPU.ActiveCfg = Release|Any CPU
		{C5264ED1-7930-411C-8224-E7679CCC8C30}.Release|Any CPU.Build.0 = Release|Any CPU
	EndGlobalSection
	GlobalSection(SolutionProperties) = preSolution
		HideSolutionNode = FALSE
	EndGlobalSection
	GlobalSection(ExtensibilityGlobals) = postSolution
		SolutionGuid = {25BD86E6-C75D-47B0-AAFA-CFE409B2CC7F}
	EndGlobalSection
EndGlobal
